
Microsoft Visual Studio Solution File, Format Version 12.00
# Visual Studio Version 17
VisualStudioVersion = 17.4.33213.308
MinimumVisualStudioVersion = 10.0.40219.1
Project("{FAE04EC0-301F-11D3-BF4B-00C04F79EFBC}") = "PrototypeP1", "PrototypeP1\PrototypeP1.csproj", "{74B13B6C-8E2D-4537-94C6-744CD3112389}"
EndProject
Global
	GlobalSection(SolutionConfigurationPlatforms) = preSolution
		Debug|Any CPU = Debug|Any CPU
		Release|Any CPU = Release|Any CPU
	EndGlobalSection
	GlobalSection(ProjectConfigurationPlatforms) = postSolution
		{74B13B6C-8E2D-4537-94C6-744CD3112389}.Debug|Any CPU.ActiveCfg = Debug|Any CPU
		{74B13B6C-8E2D-4537-94C6-744CD3112389}.Debug|Any CPU.Build.0 = Debug|Any CPU
		{74B13B6C-8E2D-4537-94C6-744CD3112389}.Release|Any CPU.ActiveCfg = Release|Any CPU
		{74B13B6C-8E2D-4537-94C6-744CD3112389}.Release|Any CPU.Build.0 = Release|Any CPU
	EndGlobalSection
	GlobalSection(SolutionProperties) = preSolution
		HideSolutionNode = FALSE
	EndGlobalSection
	GlobalSection(ExtensibilityGlobals) = postSolution
		SolutionGuid = {2EA4CB53-8D7B-4FAD-AAED-04972BBB75FD}
	EndGlobalSection
EndGlobal
